
Microsoft Visual Studio Solution File, Format Version 12.00
# Visual Studio 15
VisualStudioVersion = 15.0.27703.2047
MinimumVisualStudioVersion = 10.0.40219.1
Project("{FAE04EC0-301F-11D3-BF4B-00C04F79EFBC}") = "summarisingText", "summarisingText\summarisingText.csproj", "{8FD5BC57-BFD9-4145-847D-BD941A72B91B}"
EndProject
Global
	GlobalSection(SolutionConfigurationPlatforms) = preSolution
		Debug|Any CPU = Debug|Any CPU
		Release|Any CPU = Release|Any CPU
	EndGlobalSection
	GlobalSection(ProjectConfigurationPlatforms) = postSolution
		{8FD5BC57-BFD9-4145-847D-BD941A72B91B}.Debug|Any CPU.ActiveCfg = Debug|Any CPU
		{8FD5BC57-BFD9-4145-847D-BD941A72B91B}.Debug|Any CPU.Build.0 = Debug|Any CPU
		{8FD5BC57-BFD9-4145-847D-BD941A72B91B}.Release|Any CPU.ActiveCfg = Release|Any CPU
		{8FD5BC57-BFD9-4145-847D-BD941A72B91B}.Release|Any CPU.Build.0 = Release|Any CPU
	EndGlobalSection
	GlobalSection(SolutionProperties) = preSolution
		HideSolutionNode = FALSE
	EndGlobalSection
	GlobalSection(ExtensibilityGlobals) = postSolution
		SolutionGuid = {C569FDE7-B3A1-4B35-BE0D-567DE8C1CBB7}
	EndGlobalSection
EndGlobal
